
Microsoft Visual Studio Solution File, Format Version 12.00
# Visual Studio Version 16
VisualStudioVersion = 16.0.31729.503
MinimumVisualStudioVersion = 10.0.40219.1
Project("{FAE04EC0-301F-11D3-BF4B-00C04F79EFBC}") = "WindowsFormsApp5", "WindowsFormsApp5\WindowsFormsApp5.csproj", "{960FC47B-D984-4FC3-B1F0-3D97BB86E732}"
EndProject
Global
	GlobalSection(SolutionConfigurationPlatforms) = preSolution
		Debug|Any CPU = Debug|Any CPU
		Release|Any CPU = Release|Any CPU
	EndGlobalSection
	GlobalSection(ProjectConfigurationPlatforms) = postSolution
		{960FC47B-D984-4FC3-B1F0-3D97BB86E732}.Debug|Any CPU.ActiveCfg = Debug|Any CPU
		{960FC47B-D984-4FC3-B1F0-3D97BB86E732}.Debug|Any CPU.Build.0 = Debug|Any CPU
		{960FC47B-D984-4FC3-B1F0-3D97BB86E732}.Release|Any CPU.ActiveCfg = Release|Any CPU
		{960FC47B-D984-4FC3-B1F0-3D97BB86E732}.Release|Any CPU.Build.0 = Release|Any CPU
	EndGlobalSection
	GlobalSection(SolutionProperties) = preSolution
		HideSolutionNode = FALSE
	EndGlobalSection
	GlobalSection(ExtensibilityGlobals) = postSolution
		SolutionGuid = {84ED2CC4-B410-47ED-9758-C9FE74DEB332}
	EndGlobalSection
EndGlobal
